Microsoft Visual Studio Solution File, Format Version 7.00
Project("{8BC9CEB8-8B4A-11D0-8D11-00A0C91BC942}") = "CleanCanon", "CleanCanon.vcproj", "{48FEBC3B-CA29-49A3-92E5-2099E9B52424}"
EndProject
Global
	GlobalSection(SolutionConfiguration) = preSolution
		ConfigName.0 = Debug
		ConfigName.1 = Release
	EndGlobalSection
	GlobalSection(ProjectDependencies) = postSolution
	EndGlobalSection
	GlobalSection(ProjectConfiguration) = postSolution
		{48FEBC3B-CA29-49A3-92E5-2099E9B52424}.Debug.ActiveCfg = Debug|Win32
		{48FEBC3B-CA29-49A3-92E5-2099E9B52424}.Debug.Build.0 = Debug|Win32
		{48FEBC3B-CA29-49A3-92E5-2099E9B52424}.Release.ActiveCfg = Release|Win32
		{48FEBC3B-CA29-49A3-92E5-2099E9B52424}.Release.Build.0 = Release|Win32
	EndGlobalSection
	GlobalSection(ExtensibilityGlobals) = postSolution
	EndGlobalSection
	GlobalSection(ExtensibilityAddIns) = postSolution
	EndGlobalSection
EndGlobal
